
Microsoft Visual Studio Solution File, Format Version 12.00
# Visual Studio Version 16
VisualStudioVersion = 16.0.29418.71
MinimumVisualStudioVersion = 10.0.40219.1
Project("{FAE04EC0-301F-11D3-BF4B-00C04F79EFBC}") = "DemoMVCViewComponent", "WebApplication1\DemoMVCViewComponent.csproj", "{77E0D0EC-CE40-444E-9D4A-DC08FB8C56C7}"
EndProject
Global
	GlobalSection(SolutionConfigurationPlatforms) = preSolution
		Debug|Any CPU = Debug|Any CPU
		Release|Any CPU = Release|Any CPU
	EndGlobalSection
	GlobalSection(ProjectConfigurationPlatforms) = postSolution
		{77E0D0EC-CE40-444E-9D4A-DC08FB8C56C7}.Debug|Any CPU.ActiveCfg = Debug|Any CPU
		{77E0D0EC-CE40-444E-9D4A-DC08FB8C56C7}.Debug|Any CPU.Build.0 = Debug|Any CPU
		{77E0D0EC-CE40-444E-9D4A-DC08FB8C56C7}.Release|Any CPU.ActiveCfg = Release|Any CPU
		{77E0D0EC-CE40-444E-9D4A-DC08FB8C56C7}.Release|Any CPU.Build.0 = Release|Any CPU
	EndGlobalSection
	GlobalSection(SolutionProperties) = preSolution
		HideSolutionNode = FALSE
	EndGlobalSection
	GlobalSection(ExtensibilityGlobals) = postSolution
		SolutionGuid = {748F0FFA-B239-498E-ACD6-DBDABB2CF703}
	EndGlobalSection
EndGlobal
